{
  "version": 4,
  "terraform_version": "0.12.26",
  "serial": 207,
  "lineage": "3767229f-4829-4d1e-4506-ce7b645413b1",
  "outputs": {
    "myaz": {
      "value": "ap-south-1b",
      "type": "string"
    }
  },
  "resources": [
    {
      "mode": "managed",
      "type": "aws_cloudfront_distribution",
      "name": "mydistribution",
      "provider": "provider.aws",
      "instances": [
        {
          "schema_version": 1,
          "attributes": {
            "active_trusted_signers": {
              "enabled": "false",
              "items.#": "0"
            },
            "aliases": [],
            "arn": "arn:aws:cloudfront::501005254923:distribution/E2A5J6PVZ9R3C6",
            "cache_behavior": [],
            "caller_reference": "terraform-20200614201229342900000001",
            "comment": "Some comment",
            "custom_error_response": [],
            "default_cache_behavior": [
              {
                "allowed_methods": [
                  "DELETE",
                  "GET",
                  "HEAD",
                  "OPTIONS",
                  "PATCH",
                  "POST",
                  "PUT"
                ],
                "cached_methods": [
                  "GET",
                  "HEAD"
                ],
                "compress": false,
                "default_ttl": 3600,
                "field_level_encryption_id": "",
                "forwarded_values": [
                  {
                    "cookies": [
                      {
                        "forward": "none",
                        "whitelisted_names": []
                      }
                    ],
                    "headers": [],
                    "query_string": true,
                    "query_string_cache_keys": []
                  }
                ],
                "lambda_function_association": [],
                "max_ttl": 86400,
                "min_ttl": 0,
                "smooth_streaming": false,
                "target_origin_id": "mybucketid",
                "trusted_signers": [],
                "viewer_protocol_policy": "allow-all"
              }
            ],
            "default_root_object": "index.html",
            "domain_name": "d3oyk23rxduq46.cloudfront.net",
            "enabled": true,
            "etag": "E1LDPYMOYE0BAT",
            "hosted_zone_id": "Z2FDTNDATAQYW2",
            "http_version": "http2",
            "id": "E2A5J6PVZ9R3C6",
            "in_progress_validation_batches": 0,
            "is_ipv6_enabled": true,
            "last_modified_time": "2020-06-14 20:12:30.364 +0000 UTC",
            "logging_config": [],
            "ordered_cache_behavior": [],
            "origin": [
              {
                "custom_header": [],
                "custom_origin_config": [],
                "domain_name": "mannu1508.s3.ap-south-1.amazonaws.com",
                "origin_id": "mybucketid",
                "origin_path": "",
                "s3_origin_config": []
              }
            ],
            "origin_group": [],
            "price_class": "PriceClass_All",
            "restrictions": [
              {
                "geo_restriction": [
                  {
                    "locations": [],
                    "restriction_type": "none"
                  }
                ]
              }
            ],
            "retain_on_delete": false,
            "status": "Deployed",
            "tags": {},
            "viewer_certificate": [
              {
                "acm_certificate_arn": "",
                "cloudfront_default_certificate": true,
                "iam_certificate_id": "",
                "minimum_protocol_version": "TLSv1",
                "ssl_support_method": ""
              }
            ],
            "wait_for_deployment": true,
            "web_acl_id": ""
          },
          "private": "eyJzY2hlbWFfdmVyc2lvbiI6IjEifQ==",
          "dependencies": [
            "aws_s3_bucket.mybucket"
          ]
        }
      ]
    },
    {
      "mode": "managed",
      "type": "aws_ebs_volume",
      "name": "myebs",
      "provider": "provider.aws",
      "instances": [
        {
          "schema_version": 0,
          "attributes": {
            "arn": "arn:aws:ec2:ap-south-1:501005254923:volume/vol-06501f4eb977afd72",
            "availability_zone": "ap-south-1b",
            "encrypted": false,
            "id": "vol-06501f4eb977afd72",
            "iops": 100,
            "kms_key_id": "",
            "multi_attach_enabled": false,
            "outpost_arn": "",
            "size": 1,
            "snapshot_id": "",
            "tags": {
              "Name": "myebs1"
            },
            "type": "gp2"
          },
          "private": "bnVsbA==",
          "dependencies": [
            "aws_instance.myin"
          ]
        }
      ]
    },
    {
      "mode": "managed",
      "type": "aws_instance",
      "name": "myin",
      "provider": "provider.aws",
      "instances": [
        {
          "schema_version": 1,
          "attributes": {
            "ami": "ami-0447a12f28fddb066",
            "arn": "arn:aws:ec2:ap-south-1:501005254923:instance/i-02caab6df0041e589",
            "associate_public_ip_address": true,
            "availability_zone": "ap-south-1b",
            "cpu_core_count": 1,
            "cpu_threads_per_core": 1,
            "credit_specification": [
              {
                "cpu_credits": "standard"
              }
            ],
            "disable_api_termination": false,
            "ebs_block_device": [
              {
                "delete_on_termination": false,
                "device_name": "/dev/sdh",
                "encrypted": false,
                "iops": 100,
                "kms_key_id": "",
                "snapshot_id": "",
                "volume_id": "vol-06501f4eb977afd72",
                "volume_size": 1,
                "volume_type": "gp2"
              }
            ],
            "ebs_optimized": false,
            "ephemeral_block_device": [],
            "get_password_data": false,
            "hibernation": false,
            "host_id": null,
            "iam_instance_profile": "",
            "id": "i-02caab6df0041e589",
            "instance_initiated_shutdown_behavior": null,
            "instance_state": "running",
            "instance_type": "t2.micro",
            "ipv6_address_count": 0,
            "ipv6_addresses": [],
            "key_name": "Myterakey",
            "metadata_options": [
              {
                "http_endpoint": "enabled",
                "http_put_response_hop_limit": 1,
                "http_tokens": "optional"
              }
            ],
            "monitoring": false,
            "network_interface": [],
            "network_interface_id": null,
            "outpost_arn": "",
            "password_data": "",
            "placement_group": "",
            "primary_network_interface_id": "eni-01b66b414c7aef956",
            "private_dns": "ip-172-31-8-200.ap-south-1.compute.internal",
            "private_ip": "172.31.8.200",
            "public_dns": "ec2-15-206-178-195.ap-south-1.compute.amazonaws.com",
            "public_ip": "15.206.178.195",
            "root_block_device": [
              {
                "delete_on_termination": true,
                "device_name": "/dev/xvda",
                "encrypted": false,
                "iops": 100,
                "kms_key_id": "",
                "volume_id": "vol-087c167b77e9e7f98",
                "volume_size": 8,
                "volume_type": "gp2"
              }
            ],
            "security_groups": [
              "mysecuritygroup"
            ],
            "source_dest_check": true,
            "subnet_id": "subnet-1a630856",
            "tags": {
              "Name": "TeraOs"
            },
            "tenancy": "default",
            "timeouts": null,
            "user_data": null,
            "user_data_base64": null,
            "volume_tags": {
              "Name": "myebs1"
            },
            "vpc_security_group_ids": [
              "sg-0dc14693237e76fc9"
            ]
          },
          "private": "eyJlMmJmYjczMC1lY2FhLTExZTYtOGY4OC0zNDM2M2JjN2M0YzAiOnsiY3JlYXRlIjo2MDAwMDAwMDAwMDAsImRlbGV0ZSI6MTIwMDAwMDAwMDAwMCwidXBkYXRlIjo2MDAwMDAwMDAwMDB9LCJzY2hlbWFfdmVyc2lvbiI6IjEifQ=="
        }
      ]
    },
    {
      "mode": "managed",
      "type": "aws_key_pair",
      "name": "mykp",
      "provider": "provider.aws",
      "instances": [
        {
          "schema_version": 1,
          "attributes": {
            "fingerprint": "6b:58:7e:d7:99:66:88:e1:a3:03:41:a5:dc:b9:7e:b3",
            "id": "Myterakey",
            "key_name": "Myterakey",
            "key_name_prefix": null,
            "key_pair_id": "key-0e6f9d788e4db5aba",
            "public_key": "ssh-rsa AAAAB3NzaC1yc2EAAAADAQABAAABAQDY7nVlXsxwoxCU4ku6HlV2Oqi082RbdQS4/RkSi1VGpqMpb2eySWnKZ/JpCm57YGSjr/qwYVe4pTugkbBXK8jcv9gkAXwoqYLzlMoRiFtGu7MFXOWRUO8khxTFdjjKDr3QqXqciP2HHgB5EFMnPHH4tJ4A4zBWKdGL9E2qA94ECjCzmdxwiq0nx+9u5RkWJoQw5G+w/YB5yvLg6LtkWlivnMkqlgj08zCs4EEHskoa+iOmsjUhcMfNsVDIGeLhxCKlGih/cuICe+N1B3y1IFga97f7V+DnaJsz5PKJ8ST5fcRMVIhjqtu7kv1/Q3TIRDykhUyP93cERXaUtqAgKu8T asus@LAPTOP-DPQQ4LPV",
            "tags": {}
          },
          "private": "eyJzY2hlbWFfdmVyc2lvbiI6IjEifQ=="
        }
      ]
    },
    {
      "mode": "managed",
      "type": "aws_s3_bucket",
      "name": "mybucket",
      "provider": "provider.aws",
      "instances": [
        {
          "schema_version": 0,
          "attributes": {
            "acceleration_status": "",
            "acl": "public-read",
            "arn": "arn:aws:s3:::mannu1508",
            "bucket": "mannu1508",
            "bucket_domain_name": "mannu1508.s3.amazonaws.com",
            "bucket_prefix": null,
            "bucket_regional_domain_name": "mannu1508.s3.ap-south-1.amazonaws.com",
            "cors_rule": [],
            "force_destroy": false,
            "grant": [],
            "hosted_zone_id": "Z11RGJOFQNVJUP",
            "id": "mannu1508",
            "lifecycle_rule": [],
            "logging": [],
            "object_lock_configuration": [],
            "policy": null,
            "region": "ap-south-1",
            "replication_configuration": [],
            "request_payer": "BucketOwner",
            "server_side_encryption_configuration": [],
            "tags": {
              "Name": "mannu1508"
            },
            "versioning": [
              {
                "enabled": false,
                "mfa_delete": false
              }
            ],
            "website": [],
            "website_domain": null,
            "website_endpoint": null
          },
          "private": "bnVsbA=="
        }
      ]
    },
    {
      "mode": "managed",
      "type": "aws_s3_bucket_object",
      "name": "myobject",
      "provider": "provider.aws",
      "instances": [
        {
          "schema_version": 0,
          "attributes": {
            "acl": "private",
            "bucket": "mannu1508",
            "cache_control": "",
            "content": null,
            "content_base64": null,
            "content_disposition": "",
            "content_encoding": "",
            "content_language": "",
            "content_type": "binary/octet-stream",
            "etag": "8fba36874912fc698392a3163fcd1339",
            "force_destroy": false,
            "id": "photo.jpg",
            "key": "photo.jpg",
            "kms_key_id": null,
            "metadata": {},
            "object_lock_legal_hold_status": "",
            "object_lock_mode": "",
            "object_lock_retain_until_date": "",
            "server_side_encryption": "",
            "source": "C:/Users/asus/Downloads/My_pic.JPG",
            "storage_class": "STANDARD",
            "tags": {},
            "version_id": "",
            "website_redirect": ""
          },
          "private": "bnVsbA==",
          "dependencies": [
            "aws_s3_bucket.mybucket"
          ]
        }
      ]
    },
    {
      "mode": "managed",
      "type": "aws_s3_bucket_policy",
      "name": "bucketp",
      "provider": "provider.aws",
      "instances": [
        {
          "schema_version": 0,
          "attributes": {
            "bucket": "mannu1508",
            "id": "mannu1508",
            "policy": "{\r\n  \"Version\": \"2012-10-17\",\r\n   \"Id\"    : \"MYBUCKETPOLICY\",\r\n  \"Statement\": [\r\n    { \r\n          \"Sid\" : \"PublicReadGetObject\",\r\n          \"Effect\": \"Allow\",\r\n          \"Principal\": \"*\",\r\n          \"Action\": \"s3:*\",\r\n          \"Resource\": \"arn:aws:s3:::mannu1508/*\"\r\n     }\r\n   ]\r\n }\r\n"
          },
          "private": "bnVsbA=="
        }
      ]
    },
    {
      "mode": "managed",
      "type": "aws_security_group",
      "name": "mysg",
      "provider": "provider.aws",
      "instances": [
        {
          "schema_version": 1,
          "attributes": {
            "arn": "arn:aws:ec2:ap-south-1:501005254923:security-group/sg-0dc14693237e76fc9",
            "description": "Managed by Terraform",
            "egress": [
              {
                "cidr_blocks": [
                  "0.0.0.0/0"
                ],
                "description": "",
                "from_port": 0,
                "ipv6_cidr_blocks": [],
                "prefix_list_ids": [],
                "protocol": "-1",
                "security_groups": [],
                "self": false,
                "to_port": 0
              }
            ],
            "id": "sg-0dc14693237e76fc9",
            "ingress": [
              {
                "cidr_blocks": [
                  "0.0.0.0/0"
                ],
                "description": "",
                "from_port": 22,
                "ipv6_cidr_blocks": [],
                "prefix_list_ids": [],
                "protocol": "tcp",
                "security_groups": [],
                "self": false,
                "to_port": 22
              },
              {
                "cidr_blocks": [
                  "0.0.0.0/0"
                ],
                "description": "",
                "from_port": 80,
                "ipv6_cidr_blocks": [],
                "prefix_list_ids": [],
                "protocol": "tcp",
                "security_groups": [],
                "self": false,
                "to_port": 80
              }
            ],
            "name": "mysecuritygroup",
            "name_prefix": null,
            "owner_id": "501005254923",
            "revoke_rules_on_delete": false,
            "tags": {
              "Name": "mysecuritygroup"
            },
            "timeouts": null,
            "vpc_id": "vpc-9b8499f3"
          },
          "private": "eyJlMmJmYjczMC1lY2FhLTExZTYtOGY4OC0zNDM2M2JjN2M0YzAiOnsiY3JlYXRlIjo2MDAwMDAwMDAwMDAsImRlbGV0ZSI6NjAwMDAwMDAwMDAwfSwic2NoZW1hX3ZlcnNpb24iOiIxIn0="
        }
      ]
    },
    {
      "mode": "managed",
      "type": "aws_volume_attachment",
      "name": "ebs_attach",
      "provider": "provider.aws",
      "instances": [
        {
          "schema_version": 0,
          "attributes": {
            "device_name": "/dev/sdh",
            "force_detach": null,
            "id": "vai-1436799233",
            "instance_id": "i-02caab6df0041e589",
            "skip_destroy": null,
            "volume_id": "vol-06501f4eb977afd72"
          },
          "private": "bnVsbA==",
          "dependencies": [
            "aws_ebs_volume.myebs",
            "aws_instance.myin"
          ]
        }
      ]
    },
    {
      "mode": "managed",
      "type": "null_resource",
      "name": "nullremote1",
      "provider": "provider.null",
      "instances": [
        {
          "status": "tainted",
          "schema_version": 0,
          "attributes": {
            "id": "3027765278628879056",
            "triggers": null
          },
          "private": "bnVsbA==",
          "dependencies": [
            "aws_instance.myin",
            "aws_volume_attachment.ebs_attach"
          ]
        }
      ]
    }
  ]
}
